
Microsoft Visual Studio Solution File, Format Version 12.00
# Visual Studio 14
VisualStudioVersion = 14.0.25123.0
MinimumVisualStudioVersion = 10.0.40219.1
Project("{C8262F61-1AEF-40B3-BA56-E02F1E6A1727}") = "Sitecore.Support.118985", "Sitecore.Support.118985\Sitecore.Support.118985.csproj", "{6C2277A0-B7FC-4E3A-9B51-1C9155FBF92C}"
EndProject
Global
	GlobalSection(SolutionConfigurationPlatforms) = preSolution
		Debug|Any CPU = Debug|Any CPU
		Release|Any CPU = Release|Any CPU
	EndGlobalSection
	GlobalSection(ProjectConfigurationPlatforms) = postSolution
		{6C2277A0-B7FC-4E3A-9B51-1C9155FBF92C}.Debug|Any CPU.ActiveCfg = Debug|Any CPU
		{6C2277A0-B7FC-4E3A-9B51-1C9155FBF92C}.Debug|Any CPU.Build.0 = Debug|Any CPU
		{6C2277A0-B7FC-4E3A-9B51-1C9155FBF92C}.Release|Any CPU.ActiveCfg = Release|Any CPU
		{6C2277A0-B7FC-4E3A-9B51-1C9155FBF92C}.Release|Any CPU.Build.0 = Release|Any CPU
	EndGlobalSection
	GlobalSection(SolutionProperties) = preSolution
		HideSolutionNode = FALSE
	EndGlobalSection
EndGlobal
